// !$*UTF8*$!
{
	archiveVersion = 1;
	classes = {
	};
	objectVersion = 55;
	objects = {

/* Begin PBXBuildFile section */
		627DD330B8BF20CAA6AC21F7 /* Pods_Electrolux_Test.framework in Frameworks */ = {isa = PBXBuildFile; fileRef = 3D4FD8DE8CD45F1D0208BCB2 /* Pods_Electrolux_Test.framework */; };
		7FF199124CE464A922E6E14F /* Pods_Electrolux_Test_Electrolux_TestUITests.framework in Frameworks */ = {isa = PBXBuildFile; fileRef = 2A643D887CE0786CE1A55A7F /* Pods_Electrolux_Test_Electrolux_TestUITests.framework */; };
		9F7F8C4CC5FC9F63B44BF3D6 /* Pods_Electrolux_TestTests.framework in Frameworks */ = {isa = PBXBuildFile; fileRef = 9639F950687B64CF08442278 /* Pods_Electrolux_TestTests.framework */; };
		DC0AF6AD27F96EDB005652F2 /* AlertView.swift in Sources */ = {isa = PBXBuildFile; fileRef = DC0AF6AC27F96EDB005652F2 /* AlertView.swift */; };
		DC0AF6B127F9D795005652F2 /* DetailView.swift in Sources */ = {isa = PBXBuildFile; fileRef = DC0AF6B027F9D795005652F2 /* DetailView.swift */; };
		DC0AF6B327F9D7A3005652F2 /* DetailViewModel.swift in Sources */ = {isa = PBXBuildFile; fileRef = DC0AF6B227F9D7A3005652F2 /* DetailViewModel.swift */; };
		DC0AF6B527F9D807005652F2 /* View+Navigate.swift in Sources */ = {isa = PBXBuildFile; fileRef = DC0AF6B427F9D807005652F2 /* View+Navigate.swift */; };
		DC58648C27FA1BCA00FD0562 /* Photo.swift in Sources */ = {isa = PBXBuildFile; fileRef = DC58648B27FA1BCA00FD0562 /* Photo.swift */; };
		DC7356AC27F2F5DB00FAE303 /* RestService.swift in Sources */ = {isa = PBXBuildFile; fileRef = DC7356AB27F2F5DB00FAE303 /* RestService.swift */; };
		DC7356AF27F2FB5000FAE303 /* HomeView.swift in Sources */ = {isa = PBXBuildFile; fileRef = DC7356AE27F2FB5000FAE303 /* HomeView.swift */; };
		DC7356B127F2FB9700FAE303 /* HomeViewModel.swift in Sources */ = {isa = PBXBuildFile; fileRef = DC7356B027F2FB9600FAE303 /* HomeViewModel.swift */; };
		DCA4C61527F4D803000442DF /* CGFloat+Spacing.swift in Sources */ = {isa = PBXBuildFile; fileRef = DCA4C61427F4D803000442DF /* CGFloat+Spacing.swift */; };
		DCF9E2DF27F20FAF00341744 /* Electrolux_TestApp.swift in Sources */ = {isa = PBXBuildFile; fileRef = DCF9E2DE27F20FAF00341744 /* Electrolux_TestApp.swift */; };
		DCF9E2E127F20FAF00341744 /* ContentView.swift in Sources */ = {isa = PBXBuildFile; fileRef = DCF9E2E027F20FAF00341744 /* ContentView.swift */; };
		DCF9E2E327F20FB500341744 /* Assets.xcassets in Resources */ = {isa = PBXBuildFile; fileRef = DCF9E2E227F20FB500341744 /* Assets.xcassets */; };
		DCF9E2E627F20FB500341744 /* Preview Assets.xcassets in Resources */ = {isa = PBXBuildFile; fileRef = DCF9E2E527F20FB500341744 /* Preview Assets.xcassets */; };
		DCF9E2F027F20FB500341744 /* Electrolux_TestTests.swift in Sources */ = {isa = PBXBuildFile; fileRef = DCF9E2EF27F20FB500341744 /* Electrolux_TestTests.swift */; };
		DCF9E2FA27F20FB500341744 /* Electrolux_TestUITests.swift in Sources */ = {isa = PBXBuildFile; fileRef = DCF9E2F927F20FB500341744 /* Electrolux_TestUITests.swift */; };
		DCF9E2FC27F20FB500341744 /* Electrolux_TestUITestsLaunchTests.swift in Sources */ = {isa = PBXBuildFile; fileRef = DCF9E2FB27F20FB500341744 /* Electrolux_TestUITestsLaunchTests.swift */; };
/* End PBXBuildFile section */

/* Begin PBXContainerItemProxy section */
		DCF9E2EC27F20FB500341744 /* PBXContainerItemProxy */ = {
			isa = PBXContainerItemProxy;
			containerPortal = DCF9E2D327F20FAF00341744 /* Project object */;
			proxyType = 1;
			remoteGlobalIDString = DCF9E2DA27F20FAF00341744;
			remoteInfo = Electrolux_Test;
		};
		DCF9E2F627F20FB500341744 /* PBXContainerItemProxy */ = {
			isa = PBXContainerItemProxy;
			containerPortal = DCF9E2D327F20FAF00341744 /* Project object */;
			proxyType = 1;
			remoteGlobalIDString = DCF9E2DA27F20FAF00341744;
			remoteInfo = Electrolux_Test;
		};
/* End PBXContainerItemProxy section */

/* Begin PBXFileReference section */
		207454F55803A97B32A4B67F /* Pods-Electrolux_TestTests.release.xcconfig */ = {isa = PBXFileReference; includeInIndex = 1; lastKnownFileType = text.xcconfig; name = "Pods-Electrolux_TestTests.release.xcconfig"; path = "Target Support Files/Pods-Electrolux_TestTests/Pods-Electrolux_TestTests.release.xcconfig"; sourceTree = "<group>"; };
		2A643D887CE0786CE1A55A7F /* Pods_Electrolux_Test_Electrolux_TestUITests.framework */ = {isa = PBXFileReference; explicitFileType = wrapper.framework; includeInIndex = 0; path = Pods_Electrolux_Test_Electrolux_TestUITests.framework; sourceTree = BUILT_PRODUCTS_DIR; };
		3D4FD8DE8CD45F1D0208BCB2 /* Pods_Electrolux_Test.framework */ = {isa = PBXFileReference; explicitFileType = wrapper.framework; includeInIndex = 0; path = Pods_Electrolux_Test.framework; sourceTree = BUILT_PRODUCTS_DIR; };
		3DF62B3D5B3C3C23817FA021 /* Pods-Electrolux_Test-Electrolux_TestUITests.release.xcconfig */ = {isa = PBXFileReference; includeInIndex = 1; lastKnownFileType = text.xcconfig; name = "Pods-Electrolux_Test-Electrolux_TestUITests.release.xcconfig"; path = "Target Support Files/Pods-Electrolux_Test-Electrolux_TestUITests/Pods-Electrolux_Test-Electrolux_TestUITests.release.xcconfig"; sourceTree = "<group>"; };
		9639F950687B64CF08442278 /* Pods_Electrolux_TestTests.framework */ = {isa = PBXFileReference; explicitFileType = wrapper.framework; includeInIndex = 0; path = Pods_Electrolux_TestTests.framework; sourceTree = BUILT_PRODUCTS_DIR; };
		B108DD4F8DE76CE406C2401A /* Pods-Electrolux_Test-Electrolux_TestUITests.debug.xcconfig */ = {isa = PBXFileReference; includeInIndex = 1; lastKnownFileType = text.xcconfig; name = "Pods-Electrolux_Test-Electrolux_TestUITests.debug.xcconfig"; path = "Target Support Files/Pods-Electrolux_Test-Electrolux_TestUITests/Pods-Electrolux_Test-Electrolux_TestUITests.debug.xcconfig"; sourceTree = "<group>"; };
		B15CB340711CA4E3CCEDA18A /* Pods-Electrolux_Test.release.xcconfig */ = {isa = PBXFileReference; includeInIndex = 1; lastKnownFileType = text.xcconfig; name = "Pods-Electrolux_Test.release.xcconfig"; path = "Target Support Files/Pods-Electrolux_Test/Pods-Electrolux_Test.release.xcconfig"; sourceTree = "<group>"; };
		D5198277AE5AF4A9648A8FDF /* Pods-Electrolux_Test.debug.xcconfig */ = {isa = PBXFileReference; includeInIndex = 1; lastKnownFileType = text.xcconfig; name = "Pods-Electrolux_Test.debug.xcconfig"; path = "Target Support Files/Pods-Electrolux_Test/Pods-Electrolux_Test.debug.xcconfig"; sourceTree = "<group>"; };
		DC0AF6AA27F88F66005652F2 /* Electrolux-Test-Info.plist */ = {isa = PBXFileReference; lastKnownFileType = text.plist; path = "Electrolux-Test-Info.plist"; sourceTree = SOURCE_ROOT; };
		DC0AF6AC27F96EDB005652F2 /* AlertView.swift */ = {isa = PBXFileReference; lastKnownFileType = sourcecode.swift; path = AlertView.swift; sourceTree = "<group>"; };
		DC0AF6B027F9D795005652F2 /* DetailView.swift */ = {isa = PBXFileReference; lastKnownFileType = sourcecode.swift; path = DetailView.swift; sourceTree = "<group>"; };
		DC0AF6B227F9D7A3005652F2 /* DetailViewModel.swift */ = {isa = PBXFileReference; lastKnownFileType = sourcecode.swift; path = DetailViewModel.swift; sourceTree = "<group>"; };
		DC0AF6B427F9D807005652F2 /* View+Navigate.swift */ = {isa = PBXFileReference; lastKnownFileType = sourcecode.swift; path = "View+Navigate.swift"; sourceTree = "<group>"; };
		DC58648B27FA1BCA00FD0562 /* Photo.swift */ = {isa = PBXFileReference; lastKnownFileType = sourcecode.swift; path = Photo.swift; sourceTree = "<group>"; };
		DC7356AB27F2F5DB00FAE303 /* RestService.swift */ = {isa = PBXFileReference; lastKnownFileType = sourcecode.swift; path = RestService.swift; sourceTree = "<group>"; };
		DC7356AE27F2FB5000FAE303 /* HomeView.swift */ = {isa = PBXFileReference; lastKnownFileType = sourcecode.swift; path = HomeView.swift; sourceTree = "<group>"; };
		DC7356B027F2FB9600FAE303 /* HomeViewModel.swift */ = {isa = PBXFileReference; lastKnownFileType = sourcecode.swift; path = HomeViewModel.swift; sourceTree = "<group>"; };
		DCA4C61427F4D803000442DF /* CGFloat+Spacing.swift */ = {isa = PBXFileReference; lastKnownFileType = sourcecode.swift; path = "CGFloat+Spacing.swift"; sourceTree = "<group>"; };
		DCF9E2DB27F20FAF00341744 /* Electrolux_Test.app */ = {isa = PBXFileReference; explicitFileType = wrapper.application; includeInIndex = 0; path = Electrolux_Test.app; sourceTree = BUILT_PRODUCTS_DIR; };
		DCF9E2DE27F20FAF00341744 /* Electrolux_TestApp.swift */ = {isa = PBXFileReference; lastKnownFileType = sourcecode.swift; path = Electrolux_TestApp.swift; sourceTree = "<group>"; };
		DCF9E2E027F20FAF00341744 /* ContentView.swift */ = {isa = PBXFileReference; lastKnownFileType = sourcecode.swift; path = ContentView.swift; sourceTree = "<group>"; };
		DCF9E2E227F20FB500341744 /* Assets.xcassets */ = {isa = PBXFileReference; lastKnownFileType = folder.assetcatalog; path = Assets.xcassets; sourceTree = "<group>"; };
		DCF9E2E527F20FB500341744 /* Preview Assets.xcassets */ = {isa = PBXFileReference; lastKnownFileType = folder.assetcatalog; path = "Preview Assets.xcassets"; sourceTree = "<group>"; };
		DCF9E2EB27F20FB500341744 /* Electrolux_TestTests.xctest */ = {isa = PBXFileReference; explicitFileType = wrapper.cfbundle; includeInIndex = 0; path = Electrolux_TestTests.xctest; sourceTree = BUILT_PRODUCTS_DIR; };
		DCF9E2EF27F20FB500341744 /* Electrolux_TestTests.swift */ = {isa = PBXFileReference; lastKnownFileType = sourcecode.swift; path = Electrolux_TestTests.swift; sourceTree = "<group>"; };
		DCF9E2F527F20FB500341744 /* Electrolux_TestUITests.xctest */ = {isa = PBXFileReference; explicitFileType = wrapper.cfbundle; includeInIndex = 0; path = Electrolux_TestUITests.xctest; sourceTree = BUILT_PRODUCTS_DIR; };
		DCF9E2F927F20FB500341744 /* Electrolux_TestUITests.swift */ = {isa = PBXFileReference; lastKnownFileType = sourcecode.swift; path = Electrolux_TestUITests.swift; sourceTree = "<group>"; };
		DCF9E2FB27F20FB500341744 /* Electrolux_TestUITestsLaunchTests.swift */ = {isa = PBXFileReference; lastKnownFileType = sourcecode.swift; path = Electrolux_TestUITestsLaunchTests.swift; sourceTree = "<group>"; };
		FCAFC2C4822B35803FBABF63 /* Pods-Electrolux_TestTests.debug.xcconfig */ = {isa = PBXFileReference; includeInIndex = 1; lastKnownFileType = text.xcconfig; name = "Pods-Electrolux_TestTests.debug.xcconfig"; path = "Target Support Files/Pods-Electrolux_TestTests/Pods-Electrolux_TestTests.debug.xcconfig"; sourceTree = "<group>"; };
/* End PBXFileReference section */

/* Begin PBXFrameworksBuildPhase section */
		DCF9E2D827F20FAF00341744 /* Frameworks */ = {
			isa = PBXFrameworksBuildPhase;
			buildActionMask = 2147483647;
			files = (
				627DD330B8BF20CAA6AC21F7 /* Pods_Electrolux_Test.framework in Frameworks */,
			);
			runOnlyForDeploymentPostprocessing = 0;
		};
		DCF9E2E827F20FB500341744 /* Frameworks */ = {
			isa = PBXFrameworksBuildPhase;
			buildActionMask = 2147483647;
			files = (
				9F7F8C4CC5FC9F63B44BF3D6 /* Pods_Electrolux_TestTests.framework in Frameworks */,
			);
			runOnlyForDeploymentPostprocessing = 0;
		};
		DCF9E2F227F20FB500341744 /* Frameworks */ = {
			isa = PBXFrameworksBuildPhase;
			buildActionMask = 2147483647;
			files = (
				7FF199124CE464A922E6E14F /* Pods_Electrolux_Test_Electrolux_TestUITests.framework in Frameworks */,
			);
			runOnlyForDeploymentPostprocessing = 0;
		};
/* End PBXFrameworksBuildPhase section */

/* Begin PBXGroup section */
		1E6EB6A4BD77FF0483393612 /* Frameworks */ = {
			isa = PBXGroup;
			children = (
				3D4FD8DE8CD45F1D0208BCB2 /* Pods_Electrolux_Test.framework */,
				2A643D887CE0786CE1A55A7F /* Pods_Electrolux_Test_Electrolux_TestUITests.framework */,
				9639F950687B64CF08442278 /* Pods_Electrolux_TestTests.framework */,
			);
			name = Frameworks;
			sourceTree = "<group>";
		};
		2DC1E61987F0254C59063B8F /* Pods */ = {
			isa = PBXGroup;
			children = (
				D5198277AE5AF4A9648A8FDF /* Pods-Electrolux_Test.debug.xcconfig */,
				B15CB340711CA4E3CCEDA18A /* Pods-Electrolux_Test.release.xcconfig */,
				B108DD4F8DE76CE406C2401A /* Pods-Electrolux_Test-Electrolux_TestUITests.debug.xcconfig */,
				3DF62B3D5B3C3C23817FA021 /* Pods-Electrolux_Test-Electrolux_TestUITests.release.xcconfig */,
				FCAFC2C4822B35803FBABF63 /* Pods-Electrolux_TestTests.debug.xcconfig */,
				207454F55803A97B32A4B67F /* Pods-Electrolux_TestTests.release.xcconfig */,
			);
			path = Pods;
			sourceTree = "<group>";
		};
		DC0AF6AB27F96EC9005652F2 /* Widget */ = {
			isa = PBXGroup;
			children = (
				DC0AF6AC27F96EDB005652F2 /* AlertView.swift */,
			);
			path = Widget;
			sourceTree = "<group>";
		};
		DC0AF6AE27F9D361005652F2 /* HomeView */ = {
			isa = PBXGroup;
			children = (
				DC7356AE27F2FB5000FAE303 /* HomeView.swift */,
				DC7356B027F2FB9600FAE303 /* HomeViewModel.swift */,
			);
			path = HomeView;
			sourceTree = "<group>";
		};
		DC0AF6AF27F9D36D005652F2 /* DetailView */ = {
			isa = PBXGroup;
			children = (
				DC0AF6B027F9D795005652F2 /* DetailView.swift */,
				DC0AF6B227F9D7A3005652F2 /* DetailViewModel.swift */,
			);
			path = DetailView;
			sourceTree = "<group>";
		};
		DC58648A27FA1BBF00FD0562 /* Models */ = {
			isa = PBXGroup;
			children = (
				DC58648B27FA1BCA00FD0562 /* Photo.swift */,
			);
			path = Models;
			sourceTree = "<group>";
		};
		DC7356AA27F2F58200FAE303 /* RestService */ = {
			isa = PBXGroup;
			children = (
				DC7356AB27F2F5DB00FAE303 /* RestService.swift */,
			);
			path = RestService;
			sourceTree = "<group>";
		};
		DC7356AD27F2FB0B00FAE303 /* View */ = {
			isa = PBXGroup;
			children = (
				DC0AF6AB27F96EC9005652F2 /* Widget */,
				DC0AF6AF27F9D36D005652F2 /* DetailView */,
				DC0AF6AE27F9D361005652F2 /* HomeView */,
			);
			path = View;
			sourceTree = "<group>";
		};
		DCA4C61327F4D7EE000442DF /* Extension */ = {
			isa = PBXGroup;
			children = (
				DCA4C61427F4D803000442DF /* CGFloat+Spacing.swift */,
				DC0AF6B427F9D807005652F2 /* View+Navigate.swift */,
			);
			path = Extension;
			sourceTree = "<group>";
		};
		DCF9E2D227F20FAF00341744 = {
			isa = PBXGroup;
			children = (
				DCF9E2DD27F20FAF00341744 /* Electrolux_Test */,
				DCF9E2EE27F20FB500341744 /* Electrolux_TestTests */,
				DCF9E2F827F20FB500341744 /* Electrolux_TestUITests */,
				DCF9E2DC27F20FAF00341744 /* Products */,
				2DC1E61987F0254C59063B8F /* Pods */,
				1E6EB6A4BD77FF0483393612 /* Frameworks */,
			);
			sourceTree = "<group>";
		};
		DCF9E2DC27F20FAF00341744 /* Products */ = {
			isa = PBXGroup;
			children = (
				DCF9E2DB27F20FAF00341744 /* Electrolux_Test.app */,
				DCF9E2EB27F20FB500341744 /* Electrolux_TestTests.xctest */,
				DCF9E2F527F20FB500341744 /* Electrolux_TestUITests.xctest */,
			);
			name = Products;
			sourceTree = "<group>";
		};
		DCF9E2DD27F20FAF00341744 /* Electrolux_Test */ = {
			isa = PBXGroup;
			children = (
				DC58648A27FA1BBF00FD0562 /* Models */,
				DCA4C61327F4D7EE000442DF /* Extension */,
				DC7356AD27F2FB0B00FAE303 /* View */,
				DC7356AA27F2F58200FAE303 /* RestService */,
				DCF9E2E027F20FAF00341744 /* ContentView.swift */,
				DCF9E2DE27F20FAF00341744 /* Electrolux_TestApp.swift */,
				DCF9E2E227F20FB500341744 /* Assets.xcassets */,
				DC0AF6AA27F88F66005652F2 /* Electrolux-Test-Info.plist */,
				DCF9E2E427F20FB500341744 /* Preview Content */,
			);
			path = Electrolux_Test;
			sourceTree = "<group>";
		};
		DCF9E2E427F20FB500341744 /* Preview Content */ = {
			isa = PBXGroup;
			children = (
				DCF9E2E527F20FB500341744 /* Preview Assets.xcassets */,
			);
			path = "Preview Content";
			sourceTree = "<group>";
		};
		DCF9E2EE27F20FB500341744 /* Electrolux_TestTests */ = {
			isa = PBXGroup;
			children = (
				DCF9E2EF27F20FB500341744 /* Electrolux_TestTests.swift */,
			);
			path = Electrolux_TestTests;
			sourceTree = "<group>";
		};
		DCF9E2F827F20FB500341744 /* Electrolux_TestUITests */ = {
			isa = PBXGroup;
			children = (
				DCF9E2F927F20FB500341744 /* Electrolux_TestUITests.swift */,
				DCF9E2FB27F20FB500341744 /* Electrolux_TestUITestsLaunchTests.swift */,
			);
			path = Electrolux_TestUITests;
			sourceTree = "<group>";
		};
/* End PBXGroup section */

/* Begin PBXNativeTarget section */
		DCF9E2DA27F20FAF00341744 /* Electrolux_Test */ = {
			isa = PBXNativeTarget;
			buildConfigurationList = DCF9E2FF27F20FB500341744 /* Build configuration list for PBXNativeTarget "Electrolux_Test" */;
			buildPhases = (
				06947446060640008E902A43 /* [CP] Check Pods Manifest.lock */,
				DCF9E2D727F20FAF00341744 /* Sources */,
				DCF9E2D827F20FAF00341744 /* Frameworks */,
				DCF9E2D927F20FAF00341744 /* Resources */,
				CD0E4762A9D6FD0A3A5201EC /* [CP] Embed Pods Frameworks */,
			);
			buildRules = (
			);
			dependencies = (
			);
			name = Electrolux_Test;
			productName = Electrolux_Test;
			productReference = DCF9E2DB27F20FAF00341744 /* Electrolux_Test.app */;
			productType = "com.apple.product-type.application";
		};
		DCF9E2EA27F20FB500341744 /* Electrolux_TestTests */ = {
			isa = PBXNativeTarget;
			buildConfigurationList = DCF9E30227F20FB500341744 /* Build configuration list for PBXNativeTarget "Electrolux_TestTests" */;
			buildPhases = (
				CB1348CDB080ADB866CE9428 /* [CP] Check Pods Manifest.lock */,
				DCF9E2E727F20FB500341744 /* Sources */,
				DCF9E2E827F20FB500341744 /* Frameworks */,
				DCF9E2E927F20FB500341744 /* Resources */,
			);
			buildRules = (
			);
			dependencies = (
				DCF9E2ED27F20FB500341744 /* PBXTargetDependency */,
			);
			name = Electrolux_TestTests;
			productName = Electrolux_TestTests;
			productReference = DCF9E2EB27F20FB500341744 /* Electrolux_TestTests.xctest */;
			productType = "com.apple.product-type.bundle.unit-test";
		};
		DCF9E2F427F20FB500341744 /* Electrolux_TestUITests */ = {
			isa = PBXNativeTarget;
			buildConfigurationList = DCF9E30527F20FB500341744 /* Build configuration list for PBXNativeTarget "Electrolux_TestUITests" */;
			buildPhases = (
				0B0B832E84211BAC76AE3922 /* [CP] Check Pods Manifest.lock */,
				DCF9E2F127F20FB500341744 /* Sources */,
				DCF9E2F227F20FB500341744 /* Frameworks */,
				DCF9E2F327F20FB500341744 /* Resources */,
				BEE9AC0D3D21DA696C7A03C3 /* [CP] Embed Pods Frameworks */,
			);
			buildRules = (
			);
			dependencies = (
				DCF9E2F727F20FB500341744 /* PBXTargetDependency */,
			);
			name = Electrolux_TestUITests;
			productName = Electrolux_TestUITests;
			productReference = DCF9E2F527F20FB500341744 /* Electrolux_TestUITests.xctest */;
			productType = "com.apple.product-type.bundle.ui-testing";
		};
/* End PBXNativeTarget section */

/* Begin PBXProject section */
		DCF9E2D327F20FAF00341744 /* Project object */ = {
			isa = PBXProject;
			attributes = {
				BuildIndependentTargetsInParallel = 1;
				LastSwiftUpdateCheck = 1330;
				LastUpgradeCheck = 1330;
				TargetAttributes = {
					DCF9E2DA27F20FAF00341744 = {
						CreatedOnToolsVersion = 13.3;
					};
					DCF9E2EA27F20FB500341744 = {
						CreatedOnToolsVersion = 13.3;
						TestTargetID = DCF9E2DA27F20FAF00341744;
					};
					DCF9E2F427F20FB500341744 = {
						CreatedOnToolsVersion = 13.3;
						TestTargetID = DCF9E2DA27F20FAF00341744;
					};
				};
			};
			buildConfigurationList = DCF9E2D627F20FAF00341744 /* Build configuration list for PBXProject "Electrolux_Test" */;
			compatibilityVersion = "Xcode 13.0";
			developmentRegion = en;
			hasScannedForEncodings = 0;
			knownRegions = (
				en,
				Base,
			);
			mainGroup = DCF9E2D227F20FAF00341744;
			productRefGroup = DCF9E2DC27F20FAF00341744 /* Products */;
			projectDirPath = "";
			projectRoot = "";
			targets = (
				DCF9E2DA27F20FAF00341744 /* Electrolux_Test */,
				DCF9E2EA27F20FB500341744 /* Electrolux_TestTests */,
				DCF9E2F427F20FB500341744 /* Electrolux_TestUITests */,
			);
		};
/* End PBXProject section */

/* Begin PBXResourcesBuildPhase section */
		DCF9E2D927F20FAF00341744 /* Resources */ = {
			isa = PBXResourcesBuildPhase;
			buildActionMask = 2147483647;
			files = (
				DCF9E2E627F20FB500341744 /* Preview Assets.xcassets in Resources */,
				DCF9E2E327F20FB500341744 /* Assets.xcassets in Resources */,
			);
			runOnlyForDeploymentPostprocessing = 0;
		};
		DCF9E2E927F20FB500341744 /* Resources */ = {
			isa = PBXResourcesBuildPhase;
			buildActionMask = 2147483647;
			files = (
			);
			runOnlyForDeploymentPostprocessing = 0;
		};
		DCF9E2F327F20FB500341744 /* Resources */ = {
			isa = PBXResourcesBuildPhase;
			buildActionMask = 2147483647;
			files = (
			);
			runOnlyForDeploymentPostprocessing = 0;
		};
/* End PBXResourcesBuildPhase section */

/* Begin PBXShellScriptBuildPhase section */
		06947446060640008E902A43 /* [CP] Check Pods Manifest.lock */ = {
			isa = PBXShellScriptBuildPhase;
			buildActionMask = 2147483647;
			files = (
			);
			inputFileListPaths = (
			);
			inputPaths = (
				"${PODS_PODFILE_DIR_PATH}/Podfile.lock",
				"${PODS_ROOT}/Manifest.lock",
			);
			name = "[CP] Check Pods Manifest.lock";
			outputFileListPaths = (
			);
			outputPaths = (
				"$(DERIVED_FILE_DIR)/Pods-Electrolux_Test-checkManifestLockResult.txt",
			);
			runOnlyForDeploymentPostprocessing = 0;
			shellPath = /bin/sh;
			shellScript = "diff \"${PODS_PODFILE_DIR_PATH}/Podfile.lock\" \"${PODS_ROOT}/Manifest.lock\" > /dev/null\nif [ $? != 0 ] ; then\n    # print error to STDERR\n    echo \"error: The sandbox is not in sync with the Podfile.lock. Run 'pod install' or update your CocoaPods installation.\" >&2\n    exit 1\nfi\n# This output is used by Xcode 'outputs' to avoid re-running this script phase.\necho \"SUCCESS\" > \"${SCRIPT_OUTPUT_FILE_0}\"\n";
			showEnvVarsInLog = 0;
		};
		0B0B832E84211BAC76AE3922 /* [CP] Check Pods Manifest.lock */ = {
			isa = PBXShellScriptBuildPhase;
			buildActionMask = 2147483647;
			files = (
			);
			inputFileListPaths = (
			);
			inputPaths = (
				"${PODS_PODFILE_DIR_PATH}/Podfile.lock",
				"${PODS_ROOT}/Manifest.lock",
			);
			name = "[CP] Check Pods Manifest.lock";
			outputFileListPaths = (
			);
			outputPaths = (
				"$(DERIVED_FILE_DIR)/Pods-Electrolux_Test-Electrolux_TestUITests-checkManifestLockResult.txt",
			);
			runOnlyForDeploymentPostprocessing = 0;
			shellPath = /bin/sh;
			shellScript = "diff \"${PODS_PODFILE_DIR_PATH}/Podfile.lock\" \"${PODS_ROOT}/Manifest.lock\" > /dev/null\nif [ $? != 0 ] ; then\n    # print error to STDERR\n    echo \"error: The sandbox is not in sync with the Podfile.lock. Run 'pod install' or update your CocoaPods installation.\" >&2\n    exit 1\nfi\n# This output is used by Xcode 'outputs' to avoid re-running this script phase.\necho \"SUCCESS\" > \"${SCRIPT_OUTPUT_FILE_0}\"\n";
			showEnvVarsInLog = 0;
		};
		BEE9AC0D3D21DA696C7A03C3 /* [CP] Embed Pods Frameworks */ = {
			isa = PBXShellScriptBuildPhase;
			buildActionMask = 2147483647;
			files = (
			);
			inputFileListPaths = (
				"${PODS_ROOT}/Target Support Files/Pods-Electrolux_Test-Electrolux_TestUITests/Pods-Electrolux_Test-Electrolux_TestUITests-frameworks-${CONFIGURATION}-input-files.xcfilelist",
			);
			name = "[CP] Embed Pods Frameworks";
			outputFileListPaths = (
				"${PODS_ROOT}/Target Support Files/Pods-Electrolux_Test-Electrolux_TestUITests/Pods-Electrolux_Test-Electrolux_TestUITests-frameworks-${CONFIGURATION}-output-files.xcfilelist",
			);
			runOnlyForDeploymentPostprocessing = 0;
			shellPath = /bin/sh;
			shellScript = "\"${PODS_ROOT}/Target Support Files/Pods-Electrolux_Test-Electrolux_TestUITests/Pods-Electrolux_Test-Electrolux_TestUITests-frameworks.sh\"\n";
			showEnvVarsInLog = 0;
		};
		CB1348CDB080ADB866CE9428 /* [CP] Check Pods Manifest.lock */ = {
			isa = PBXShellScriptBuildPhase;
			buildActionMask = 2147483647;
			files = (
			);
			inputFileListPaths = (
			);
			inputPaths = (
				"${PODS_PODFILE_DIR_PATH}/Podfile.lock",
				"${PODS_ROOT}/Manifest.lock",
			);
			name = "[CP] Check Pods Manifest.lock";
			outputFileListPaths = (
			);
			outputPaths = (
				"$(DERIVED_FILE_DIR)/Pods-Electrolux_TestTests-checkManifestLockResult.txt",
			);
			runOnlyForDeploymentPostprocessing = 0;
			shellPath = /bin/sh;
			shellScript = "diff \"${PODS_PODFILE_DIR_PATH}/Podfile.lock\" \"${PODS_ROOT}/Manifest.lock\" > /dev/null\nif [ $? != 0 ] ; then\n    # print error to STDERR\n    echo \"error: The sandbox is not in sync with the Podfile.lock. Run 'pod install' or update your CocoaPods installation.\" >&2\n    exit 1\nfi\n# This output is used by Xcode 'outputs' to avoid re-running this script phase.\necho \"SUCCESS\" > \"${SCRIPT_OUTPUT_FILE_0}\"\n";
			showEnvVarsInLog = 0;
		};
		CD0E4762A9D6FD0A3A5201EC /* [CP] Embed Pods Frameworks */ = {
			isa = PBXShellScriptBuildPhase;
			buildActionMask = 2147483647;
			files = (
			);
			inputFileListPaths = (
				"${PODS_ROOT}/Target Support Files/Pods-Electrolux_Test/Pods-Electrolux_Test-frameworks-${CONFIGURATION}-input-files.xcfilelist",
			);
			name = "[CP] Embed Pods Frameworks";
			outputFileListPaths = (
				"${PODS_ROOT}/Target Support Files/Pods-Electrolux_Test/Pods-Electrolux_Test-frameworks-${CONFIGURATION}-output-files.xcfilelist",
			);
			runOnlyForDeploymentPostprocessing = 0;
			shellPath = /bin/sh;
			shellScript = "\"${PODS_ROOT}/Target Support Files/Pods-Electrolux_Test/Pods-Electrolux_Test-frameworks.sh\"\n";
			showEnvVarsInLog = 0;
		};
/* End PBXShellScriptBuildPhase section */

/* Begin PBXSourcesBuildPhase section */
		DCF9E2D727F20FAF00341744 /* Sources */ = {
			isa = PBXSourcesBuildPhase;
			buildActionMask = 2147483647;
			files = (
				DCF9E2E127F20FAF00341744 /* ContentView.swift in Sources */,
				DC0AF6B127F9D795005652F2 /* DetailView.swift in Sources */,
				DCA4C61527F4D803000442DF /* CGFloat+Spacing.swift in Sources */,
				DC0AF6B327F9D7A3005652F2 /* DetailViewModel.swift in Sources */,
				DC7356B127F2FB9700FAE303 /* HomeViewModel.swift in Sources */,
				DC7356AF27F2FB5000FAE303 /* HomeView.swift in Sources */,
				DCF9E2DF27F20FAF00341744 /* Electrolux_TestApp.swift in Sources */,
				DC58648C27FA1BCA00FD0562 /* Photo.swift in Sources */,
				DC0AF6AD27F96EDB005652F2 /* AlertView.swift in Sources */,
				DC0AF6B527F9D807005652F2 /* View+Navigate.swift in Sources */,
				DC7356AC27F2F5DB00FAE303 /* RestService.swift in Sources */,
			);
			runOnlyForDeploymentPostprocessing = 0;
		};
		DCF9E2E727F20FB500341744 /* Sources */ = {
			isa = PBXSourcesBuildPhase;
			buildActionMask = 2147483647;
			files = (
				DCF9E2F027F20FB500341744 /* Electrolux_TestTests.swift in Sources */,
			);
			runOnlyForDeploymentPostprocessing = 0;
		};
		DCF9E2F127F20FB500341744 /* Sources */ = {
			isa = PBXSourcesBuildPhase;
			buildActionMask = 2147483647;
			files = (
				DCF9E2FA27F20FB500341744 /* Electrolux_TestUITests.swift in Sources */,
				DCF9E2FC27F20FB500341744 /* Electrolux_TestUITestsLaunchTests.swift in Sources */,
			);
			runOnlyForDeploymentPostprocessing = 0;
		};
/* End PBXSourcesBuildPhase section */

/* Begin PBXTargetDependency section */
		DCF9E2ED27F20FB500341744 /* PBXTargetDependency */ = {
			isa = PBXTargetDependency;
			target = DCF9E2DA27F20FAF00341744 /* Electrolux_Test */;
			targetProxy = DCF9E2EC27F20FB500341744 /* PBXContainerItemProxy */;
		};
		DCF9E2F727F20FB500341744 /* PBXTargetDependency */ = {
			isa = PBXTargetDependency;
			target = DCF9E2DA27F20FAF00341744 /* Electrolux_Test */;
			targetProxy = DCF9E2F627F20FB500341744 /* PBXContainerItemProxy */;
		};
/* End PBXTargetDependency section */

/* Begin XCBuildConfiguration section */
		DCF9E2FD27F20FB500341744 /* Debug */ = {
			isa = XCBuildConfiguration;
			buildSettings = {
				ALWAYS_SEARCH_USER_PATHS = NO;
				CLANG_ANALYZER_NONNULL = YES;
				CLANG_ANALYZER_NUMBER_OBJECT_CONVERSION = YES_AGGRESSIVE;
				CLANG_CXX_LANGUAGE_STANDARD = "gnu++17";
				CLANG_ENABLE_MODULES = YES;
				CLANG_ENABLE_OBJC_ARC = YES;
				CLANG_ENABLE_OBJC_WEAK = YES;
				CLANG_WARN_BLOCK_CAPTURE_AUTORELEASING = YES;
				CLANG_WARN_BOOL_CONVERSION = YES;
				CLANG_WARN_COMMA = YES;
				CLANG_WARN_CONSTANT_CONVERSION = YES;
				CLANG_WARN_DEPRECATED_OBJC_IMPLEMENTATIONS = YES;
				CLANG_WARN_DIRECT_OBJC_ISA_USAGE = YES_ERROR;
				CLANG_WARN_DOCUMENTATION_COMMENTS = YES;
				CLANG_WARN_EMPTY_BODY = YES;
				CLANG_WARN_ENUM_CONVERSION = YES;
				CLANG_WARN_INFINITE_RECURSION = YES;
				CLANG_WARN_INT_CONVERSION = YES;
				CLANG_WARN_NON_LITERAL_NULL_CONVERSION = YES;
				CLANG_WARN_OBJC_IMPLICIT_RETAIN_SELF = YES;
				CLANG_WARN_OBJC_LITERAL_CONVERSION = YES;
				CLANG_WARN_OBJC_ROOT_CLASS = YES_ERROR;
				CLANG_WARN_QUOTED_INCLUDE_IN_FRAMEWORK_HEADER = YES;
				CLANG_WARN_RANGE_LOOP_ANALYSIS = YES;
				CLANG_WARN_STRICT_PROTOTYPES = YES;
				CLANG_WARN_SUSPICIOUS_MOVE = YES;
				CLANG_WARN_UNGUARDED_AVAILABILITY = YES_AGGRESSIVE;
				CLANG_WARN_UNREACHABLE_CODE = YES;
				CLANG_WARN__DUPLICATE_METHOD_MATCH = YES;
				COPY_PHASE_STRIP = NO;
				DEBUG_INFORMATION_FORMAT = dwarf;
				ENABLE_STRICT_OBJC_MSGSEND = YES;
				ENABLE_TESTABILITY = YES;
				GCC_C_LANGUAGE_STANDARD = gnu11;
				GCC_DYNAMIC_NO_PIC = NO;
				GCC_NO_COMMON_BLOCKS = YES;
				GCC_OPTIMIZATION_LEVEL = 0;
				GCC_PREPROCESSOR_DEFINITIONS = (
					"DEBUG=1",
					"$(inherited)",
				);
				GCC_WARN_64_TO_32_BIT_CONVERSION = YES;
				GCC_WARN_ABOUT_RETURN_TYPE = YES_ERROR;
				GCC_WARN_UNDECLARED_SELECTOR = YES;
				GCC_WARN_UNINITIALIZED_AUTOS = YES_AGGRESSIVE;
				GCC_WARN_UNUSED_FUNCTION = YES;
				GCC_WARN_UNUSED_VARIABLE = YES;
				IPHONEOS_DEPLOYMENT_TARGET = 15.4;
				MTL_ENABLE_DEBUG_INFO = INCLUDE_SOURCE;
				MTL_FAST_MATH = YES;
				ONLY_ACTIVE_ARCH = YES;
				SDKROOT = iphoneos;
				SWIFT_ACTIVE_COMPILATION_CONDITIONS = DEBUG;
				SWIFT_OPTIMIZATION_LEVEL = "-Onone";
			};
			name = Debug;
		};
		DCF9E2FE27F20FB500341744 /* Release */ = {
			isa = XCBuildConfiguration;
			buildSettings = {
				ALWAYS_SEARCH_USER_PATHS = NO;
				CLANG_ANALYZER_NONNULL = YES;
				CLANG_ANALYZER_NUMBER_OBJECT_CONVERSION = YES_AGGRESSIVE;
				CLANG_CXX_LANGUAGE_STANDARD = "gnu++17";
				CLANG_ENABLE_MODULES = YES;
				CLANG_ENABLE_OBJC_ARC = YES;
				CLANG_ENABLE_OBJC_WEAK = YES;
				CLANG_WARN_BLOCK_CAPTURE_AUTORELEASING = YES;
				CLANG_WARN_BOOL_CONVERSION = YES;
				CLANG_WARN_COMMA = YES;
				CLANG_WARN_CONSTANT_CONVERSION = YES;
				CLANG_WARN_DEPRECATED_OBJC_IMPLEMENTATIONS = YES;
				CLANG_WARN_DIRECT_OBJC_ISA_USAGE = YES_ERROR;
				CLANG_WARN_DOCUMENTATION_COMMENTS = YES;
				CLANG_WARN_EMPTY_BODY = YES;
				CLANG_WARN_ENUM_CONVERSION = YES;
				CLANG_WARN_INFINITE_RECURSION = YES;
				CLANG_WARN_INT_CONVERSION = YES;
				CLANG_WARN_NON_LITERAL_NULL_CONVERSION = YES;
				CLANG_WARN_OBJC_IMPLICIT_RETAIN_SELF = YES;
				CLANG_WARN_OBJC_LITERAL_CONVERSION = YES;
				CLANG_WARN_OBJC_ROOT_CLASS = YES_ERROR;
				CLANG_WARN_QUOTED_INCLUDE_IN_FRAMEWORK_HEADER = YES;
				CLANG_WARN_RANGE_LOOP_ANALYSIS = YES;
				CLANG_WARN_STRICT_PROTOTYPES = YES;
				CLANG_WARN_SUSPICIOUS_MOVE = YES;
				CLANG_WARN_UNGUARDED_AVAILABILITY = YES_AGGRESSIVE;
				CLANG_WARN_UNREACHABLE_CODE = YES;
				CLANG_WARN__DUPLICATE_METHOD_MATCH = YES;
				COPY_PHASE_STRIP = NO;
				DEBUG_INFORMATION_FORMAT = "dwarf-with-dsym";
				ENABLE_NS_ASSERTIONS = NO;
				ENABLE_STRICT_OBJC_MSGSEND = YES;
				GCC_C_LANGUAGE_STANDARD = gnu11;
				GCC_NO_COMMON_BLOCKS = YES;
				GCC_WARN_64_TO_32_BIT_CONVERSION = YES;
				GCC_WARN_ABOUT_RETURN_TYPE = YES_ERROR;
				GCC_WARN_UNDECLARED_SELECTOR = YES;
				GCC_WARN_UNINITIALIZED_AUTOS = YES_AGGRESSIVE;
				GCC_WARN_UNUSED_FUNCTION = YES;
				GCC_WARN_UNUSED_VARIABLE = YES;
				IPHONEOS_DEPLOYMENT_TARGET = 15.4;
				MTL_ENABLE_DEBUG_INFO = NO;
				MTL_FAST_MATH = YES;
				SDKROOT = iphoneos;
				SWIFT_COMPILATION_MODE = wholemodule;
				SWIFT_OPTIMIZATION_LEVEL = "-O";
				VALIDATE_PRODUCT = YES;
			};
			name = Release;
		};
		DCF9E30027F20FB500341744 /* Debug */ = {
			isa = XCBuildConfiguration;
			baseConfigurationReference = D5198277AE5AF4A9648A8FDF /* Pods-Electrolux_Test.debug.xcconfig */;
			buildSettings = {
				ASSETCATALOG_COMPILER_APPICON_NAME = AppIcon;
				ASSETCATALOG_COMPILER_GLOBAL_ACCENT_COLOR_NAME = AccentColor;
				CODE_SIGN_STYLE = Automatic;
				CURRENT_PROJECT_VERSION = 1;
				DEVELOPMENT_ASSET_PATHS = "\"Electrolux_Test/Preview Content\"";
				DEVELOPMENT_TEAM = XYX52A55V3;
				ENABLE_PREVIEWS = YES;
				GENERATE_INFOPLIST_FILE = YES;
				INFOPLIST_FILE = "Electrolux-Test-Info.plist";
				INFOPLIST_KEY_NSPhotoLibraryAddUsageDescription = "To save photos, please allow Photo library access";
				INFOPLIST_KEY_NSPhotoLibraryUsageDescription = "Usage Description";
				INFOPLIST_KEY_UIApplicationSceneManifest_Generation = YES;
				INFOPLIST_KEY_UIApplicationSupportsIndirectInputEvents = YES;
				INFOPLIST_KEY_UILaunchScreen_Generation = YES;
				INFOPLIST_KEY_UISupportedInterfaceOrientations_iPad = "UIInterfaceOrientationPortrait UIInterfaceOrientationPortraitUpsideDown UIInterfaceOrientationLandscapeLeft UIInterfaceOrientationLandscapeRight";
				INFOPLIST_KEY_UISupportedInterfaceOrientations_iPhone = "UIInterfaceOrientationPortrait UIInterfaceOrientationLandscapeLeft UIInterfaceOrientationLandscapeRight";
				LD_RUNPATH_SEARCH_PATHS = (
					"$(inherited)",
					"@executable_path/Frameworks",
				);
				MARKETING_VERSION = 1.0;
				PRODUCT_BUNDLE_IDENTIFIER = "karheng.Electrolux-Test";
				PRODUCT_NAME = "$(TARGET_NAME)";
				SWIFT_EMIT_LOC_STRINGS = YES;
				SWIFT_VERSION = 5.0;
				TARGETED_DEVICE_FAMILY = "1,2";
			};
			name = Debug;
		};
		DCF9E30127F20FB500341744 /* Release */ = {
			isa = XCBuildConfiguration;
			baseConfigurationReference = B15CB340711CA4E3CCEDA18A /* Pods-Electrolux_Test.release.xcconfig */;
			buildSettings = {
				ASSETCATALOG_COMPILER_APPICON_NAME = AppIcon;
				ASSETCATALOG_COMPILER_GLOBAL_ACCENT_COLOR_NAME = AccentColor;
				CODE_SIGN_STYLE = Automatic;
				CURRENT_PROJECT_VERSION = 1;
				DEVELOPMENT_ASSET_PATHS = "\"Electrolux_Test/Preview Content\"";
				DEVELOPMENT_TEAM = XYX52A55V3;
				ENABLE_PREVIEWS = YES;
				GENERATE_INFOPLIST_FILE = YES;
				INFOPLIST_FILE = "Electrolux-Test-Info.plist";
				INFOPLIST_KEY_NSPhotoLibraryAddUsageDescription = "To save photos, please allow Photo library access";
				INFOPLIST_KEY_NSPhotoLibraryUsageDescription = "Usage Description";
				INFOPLIST_KEY_UIApplicationSceneManifest_Generation = YES;
				INFOPLIST_KEY_UIApplicationSupportsIndirectInputEvents = YES;
				INFOPLIST_KEY_UILaunchScreen_Generation = YES;
				INFOPLIST_KEY_UISupportedInterfaceOrientations_iPad = "UIInterfaceOrientationPortrait UIInterfaceOrientationPortraitUpsideDown UIInterfaceOrientationLandscapeLeft UIInterfaceOrientationLandscapeRight";
				INFOPLIST_KEY_UISupportedInterfaceOrientations_iPhone = "UIInterfaceOrientationPortrait UIInterfaceOrientationLandscapeLeft UIInterfaceOrientationLandscapeRight";
				LD_RUNPATH_SEARCH_PATHS = (
					"$(inherited)",
					"@executable_path/Frameworks",
				);
				MARKETING_VERSION = 1.0;
				PRODUCT_BUNDLE_IDENTIFIER = "karheng.Electrolux-Test";
				PRODUCT_NAME = "$(TARGET_NAME)";
				SWIFT_EMIT_LOC_STRINGS = YES;
				SWIFT_VERSION = 5.0;
				TARGETED_DEVICE_FAMILY = "1,2";
			};
			name = Release;
		};
		DCF9E30327F20FB500341744 /* Debug */ = {
			isa = XCBuildConfiguration;
			baseConfigurationReference = FCAFC2C4822B35803FBABF63 /* Pods-Electrolux_TestTests.debug.xcconfig */;
			buildSettings = {
				ALWAYS_EMBED_SWIFT_STANDARD_LIBRARIES = YES;
				BUNDLE_LOADER = "$(TEST_HOST)";
				CODE_SIGN_STYLE = Automatic;
				CURRENT_PROJECT_VERSION = 1;
				DEVELOPMENT_TEAM = XYX52A55V3;
				GENERATE_INFOPLIST_FILE = YES;
				IPHONEOS_DEPLOYMENT_TARGET = 15.4;
				MARKETING_VERSION = 1.0;
				PRODUCT_BUNDLE_IDENTIFIER = "karheng.Electrolux-TestTests";
				PRODUCT_NAME = "$(TARGET_NAME)";
				SWIFT_EMIT_LOC_STRINGS = NO;
				SWIFT_VERSION = 5.0;
				TARGETED_DEVICE_FAMILY = "1,2";
				TEST_HOST = "$(BUILT_PRODUCTS_DIR)/Electrolux_Test.app/Electrolux_Test";
			};
			name = Debug;
		};
		DCF9E30427F20FB500341744 /* Release */ = {
			isa = XCBuildConfiguration;
			baseConfigurationReference = 207454F55803A97B32A4B67F /* Pods-Electrolux_TestTests.release.xcconfig */;
			buildSettings = {
				ALWAYS_EMBED_SWIFT_STANDARD_LIBRARIES = YES;
				BUNDLE_LOADER = "$(TEST_HOST)";
				CODE_SIGN_STYLE = Automatic;
				CURRENT_PROJECT_VERSION = 1;
				DEVELOPMENT_TEAM = XYX52A55V3;
				GENERATE_INFOPLIST_FILE = YES;
				IPHONEOS_DEPLOYMENT_TARGET = 15.4;
				MARKETING_VERSION = 1.0;
				PRODUCT_BUNDLE_IDENTIFIER = "karheng.Electrolux-TestTests";
				PRODUCT_NAME = "$(TARGET_NAME)";
				SWIFT_EMIT_LOC_STRINGS = NO;
				SWIFT_VERSION = 5.0;
				TARGETED_DEVICE_FAMILY = "1,2";
				TEST_HOST = "$(BUILT_PRODUCTS_DIR)/Electrolux_Test.app/Electrolux_Test";
			};
			name = Release;
		};
		DCF9E30627F20FB500341744 /* Debug */ = {
			isa = XCBuildConfiguration;
			baseConfigurationReference = B108DD4F8DE76CE406C2401A /* Pods-Electrolux_Test-Electrolux_TestUITests.debug.xcconfig */;
			buildSettings = {
				ALWAYS_EMBED_SWIFT_STANDARD_LIBRARIES = YES;
				CODE_SIGN_STYLE = Automatic;
				CURRENT_PROJECT_VERSION = 1;
				DEVELOPMENT_TEAM = XYX52A55V3;
				GENERATE_INFOPLIST_FILE = YES;
				MARKETING_VERSION = 1.0;
				PRODUCT_BUNDLE_IDENTIFIER = "karheng.Electrolux-TestUITests";
				PRODUCT_NAME = "$(TARGET_NAME)";
				SWIFT_EMIT_LOC_STRINGS = NO;
				SWIFT_VERSION = 5.0;
				TARGETED_DEVICE_FAMILY = "1,2";
				TEST_TARGET_NAME = Electrolux_Test;
			};
			name = Debug;
		};
		DCF9E30727F20FB500341744 /* Release */ = {
			isa = XCBuildConfiguration;
			baseConfigurationReference = 3DF62B3D5B3C3C23817FA021 /* Pods-Electrolux_Test-Electrolux_TestUITests.release.xcconfig */;
			buildSettings = {
				ALWAYS_EMBED_SWIFT_STANDARD_LIBRARIES = YES;
				CODE_SIGN_STYLE = Automatic;
				CURRENT_PROJECT_VERSION = 1;
				DEVELOPMENT_TEAM = XYX52A55V3;
				GENERATE_INFOPLIST_FILE = YES;
				MARKETING_VERSION = 1.0;
				PRODUCT_BUNDLE_IDENTIFIER = "karheng.Electrolux-TestUITests";
				PRODUCT_NAME = "$(TARGET_NAME)";
				SWIFT_EMIT_LOC_STRINGS = NO;
				SWIFT_VERSION = 5.0;
				TARGETED_DEVICE_FAMILY = "1,2";
				TEST_TARGET_NAME = Electrolux_Test;
			};
			name = Release;
		};
/* End XCBuildConfiguration section */

/* Begin XCConfigurationList section */
		DCF9E2D627F20FAF00341744 /* Build configuration list for PBXProject "Electrolux_Test" */ = {
			isa = XCConfigurationList;
			buildConfigurations = (
				DCF9E2FD27F20FB500341744 /* Debug */,
				DCF9E2FE27F20FB500341744 /* Release */,
			);
			defaultConfigurationIsVisible = 0;
			defaultConfigurationName = Release;
		};
		DCF9E2FF27F20FB500341744 /* Build configuration list for PBXNativeTarget "Electrolux_Test" */ = {
			isa = XCConfigurationList;
			buildConfigurations = (
				DCF9E30027F20FB500341744 /* Debug */,
				DCF9E30127F20FB500341744 /* Release */,
			);
			defaultConfigurationIsVisible = 0;
			defaultConfigurationName = Release;
		};
		DCF9E30227F20FB500341744 /* Build configuration list for PBXNativeTarget "Electrolux_TestTests" */ = {
			isa = XCConfigurationList;
			buildConfigurations = (
				DCF9E30327F20FB500341744 /* Debug */,
				DCF9E30427F20FB500341744 /* Release */,
			);
			defaultConfigurationIsVisible = 0;
			defaultConfigurationName = Release;
		};
		DCF9E30527F20FB500341744 /* Build configuration list for PBXNativeTarget "Electrolux_TestUITests" */ = {
			isa = XCConfigurationList;
			buildConfigurations = (
				DCF9E30627F20FB500341744 /* Debug */,
				DCF9E30727F20FB500341744 /* Release */,
			);
			defaultConfigurationIsVisible = 0;
			defaultConfigurationName = Release;
		};
/* End XCConfigurationList section */
	};
	rootObject = DCF9E2D327F20FAF00341744 /* Project object */;
}
